
Microsoft Visual Studio Solution File, Format Version 12.00
# Visual Studio Version 16
VisualStudioVersion = 16.0.30413.136
MinimumVisualStudioVersion = 10.0.40219.1
Project("{FAE04EC0-301F-11D3-BF4B-00C04F79EFBC}") = "HiveMq_Consumer", "HiveMq_Consumer\HiveMq_Consumer.csproj", "{3C383E25-F6A2-4FD6-A871-D37EFB901131}"
EndProject
Project("{FAE04EC0-301F-11D3-BF4B-00C04F79EFBC}") = "HiveMq_Producer", "HiveMq_Producer\HiveMq_Producer.csproj", "{135169C9-0882-43B1-8E5A-9E2D0D31BB42}"
EndProject
Global
	GlobalSection(SolutionConfigurationPlatforms) = preSolution
		Debug|Any CPU = Debug|Any CPU
		Release|Any CPU = Release|Any CPU
	EndGlobalSection
	GlobalSection(ProjectConfigurationPlatforms) = postSolution
		{3C383E25-F6A2-4FD6-A871-D37EFB901131}.Debug|Any CPU.ActiveCfg = Debug|Any CPU
		{3C383E25-F6A2-4FD6-A871-D37EFB901131}.Debug|Any CPU.Build.0 = Debug|Any CPU
		{3C383E25-F6A2-4FD6-A871-D37EFB901131}.Release|Any CPU.ActiveCfg = Release|Any CPU
		{3C383E25-F6A2-4FD6-A871-D37EFB901131}.Release|Any CPU.Build.0 = Release|Any CPU
		{135169C9-0882-43B1-8E5A-9E2D0D31BB42}.Debug|Any CPU.ActiveCfg = Debug|Any CPU
		{135169C9-0882-43B1-8E5A-9E2D0D31BB42}.Debug|Any CPU.Build.0 = Debug|Any CPU
		{135169C9-0882-43B1-8E5A-9E2D0D31BB42}.Release|Any CPU.ActiveCfg = Release|Any CPU
		{135169C9-0882-43B1-8E5A-9E2D0D31BB42}.Release|Any CPU.Build.0 = Release|Any CPU
	EndGlobalSection
	GlobalSection(SolutionProperties) = preSolution
		HideSolutionNode = FALSE
	EndGlobalSection
	GlobalSection(ExtensibilityGlobals) = postSolution
		SolutionGuid = {ED057293-7801-4CD8-AD4D-FDE255C8A68F}
	EndGlobalSection
EndGlobal
